<?xml version="1.0" encoding="utf-8"?>
<Project ToolsVersion="4.0" xmlns="http://schemas.microsoft.com/developer/msbuild/2003">
  <ItemGroup>
    <Filter Include="gameLogic">
      <UniqueIdentifier>{2965bef6-12b6-41b9-8757-5ba18520de93}</UniqueIdentifier>
    </Filter>
    <Filter Include="game_Interface">
      <UniqueIdentifier>{73d64957-2a2c-4e13-84c7-0974b2a39dc1}</UniqueIdentifier>
    </Filter>
    <Filter Include="Source">
      <UniqueIdentifier>{b88ba9d0-51d2-4cb4-af60-aa60086c7e51}</UniqueIdentifier>
    </Filter>
  </ItemGroup>
  <ItemGroup>
    <ClCompile Include="gameLogic\Card.cpp">
      <Filter>gameLogic</Filter>
    </ClCompile>
    <ClCompile Include="gameLogic\GameMaster.cpp">
      <Filter>gameLogic</Filter>
    </ClCompile>
    <ClCompile Include="gameLogic\Player.cpp">
      <Filter>gameLogic</Filter>
    </ClCompile>
    <ClCompile Include="gameLogic\Tile.cpp">
      <Filter>gameLogic</Filter>
    </ClCompile>
    <ClCompile Include="game_Interface\Main_window\window.cpp">
      <Filter>game_Interface</Filter>
    </ClCompile>
  </ItemGroup>
  <ItemGroup>
    <ClInclude Include="gameLogic\gameLogic.h">
      <Filter>gameLogic</Filter>
    </ClInclude>
  </ItemGroup>
</Project>